
Microsoft Visual Studio Solution File, Format Version 12.00
# Visual Studio Version 17
VisualStudioVersion = 17.14.36408.4 d17.14
MinimumVisualStudioVersion = 10.0.40219.1
Project("{FAE04EC0-301F-11D3-BF4B-00C04F79EFBC}") = "ModelComparisonStudio", "ModelComparisonStudio\ModelComparisonStudio.csproj", "{E9DFB848-AACA-93F1-0BC4-6B218A7C51D0}"
EndProject
Project("{FAE04EC0-301F-11D3-BF4B-00C04F79EFBC}") = "ModelComparisonStudio.AppHost", "ModelComparisonStudio.AppHost\ModelComparisonStudio.AppHost.csproj", "{FC0C887D-2C4B-4D3E-8D93-7E08739A0CD2}"
EndProject
Project("{FAE04EC0-301F-11D3-BF4B-00C04F79EFBC}") = "ModelComparisonStudio.ServiceDefaults", "ModelComparisonStudio.ServiceDefaults\ModelComparisonStudio.ServiceDefaults.csproj", "{5CC17015-EDA2-EFBC-1373-7D22AF1FBA05}"
EndProject
Global
	GlobalSection(SolutionConfigurationPlatforms) = preSolution
		Debug|Any CPU = Debug|Any CPU
		Release|Any CPU = Release|Any CPU
	EndGlobalSection
	GlobalSection(ProjectConfigurationPlatforms) = postSolution
		{E9DFB848-AACA-93F1-0BC4-6B218A7C51D0}.Debug|Any CPU.ActiveCfg = Debug|Any CPU
		{E9DFB848-AACA-93F1-0BC4-6B218A7C51D0}.Debug|Any CPU.Build.0 = Debug|Any CPU
		{E9DFB848-AACA-93F1-0BC4-6B218A7C51D0}.Release|Any CPU.ActiveCfg = Release|Any CPU
		{E9DFB848-AACA-93F1-0BC4-6B218A7C51D0}.Release|Any CPU.Build.0 = Release|Any CPU
		{FC0C887D-2C4B-4D3E-8D93-7E08739A0CD2}.Debug|Any CPU.ActiveCfg = Debug|Any CPU
		{FC0C887D-2C4B-4D3E-8D93-7E08739A0CD2}.Debug|Any CPU.Build.0 = Debug|Any CPU
		{FC0C887D-2C4B-4D3E-8D93-7E08739A0CD2}.Release|Any CPU.ActiveCfg = Release|Any CPU
		{FC0C887D-2C4B-4D3E-8D93-7E08739A0CD2}.Release|Any CPU.Build.0 = Release|Any CPU
		{5CC17015-EDA2-EFBC-1373-7D22AF1FBA05}.Debug|Any CPU.ActiveCfg = Debug|Any CPU
		{5CC17015-EDA2-EFBC-1373-7D22AF1FBA05}.Debug|Any CPU.Build.0 = Debug|Any CPU
		{5CC17015-EDA2-EFBC-1373-7D22AF1FBA05}.Release|Any CPU.ActiveCfg = Release|Any CPU
		{5CC17015-EDA2-EFBC-1373-7D22AF1FBA05}.Release|Any CPU.Build.0 = Release|Any CPU
	EndGlobalSection
	GlobalSection(SolutionProperties) = preSolution
		HideSolutionNode = FALSE
	EndGlobalSection
	GlobalSection(ExtensibilityGlobals) = postSolution
		SolutionGuid = {BF56E325-1EEC-429B-BBE6-C0B4FAEC18D4}
	EndGlobalSection
EndGlobal
